
Microsoft Visual Studio Solution File, Format Version 12.00
# Visual Studio Version 17
VisualStudioVersion = 17.5.002.0
MinimumVisualStudioVersion = 10.0.40219.1
Project("{2150E333-8FDC-42A3-9474-1A3956D46DE8}") = "exercises", "exercises", "{82AD212D-ACC3-4839-ADC7-EF245436659A}"
EndProject
Project("{2150E333-8FDC-42A3-9474-1A3956D46DE8}") = "Week", "Week", "{403C3D19-B01F-4C0D-824E-65CABCFA28F2}"
EndProject
Project("{2150E333-8FDC-42A3-9474-1A3956D46DE8}") = "1", "1", "{651EEE7F-4AC8-4B40-86D0-EDD13158F84D}"
EndProject
Project("{9A19103F-16F7-4668-BE54-9A1E7A4F7556}") = "lexicon", "exercises\Week\1\DOTNET\lexicon.csproj", "{9FD8E860-617D-4300-93B1-39A073B6A981}"
EndProject
Project("{2150E333-8FDC-42A3-9474-1A3956D46DE8}") = "DOTNET", "DOTNET", "{91FB2C7F-F316-412E-9894-4A45B5188CF4}"
EndProject
Project("{9A19103F-16F7-4668-BE54-9A1E7A4F7556}") = "lexicon", "exercises\Week\1\DOTNET\Exercise01\lexicon.csproj", "{3997FE66-72CB-433E-9703-2781EDFD5102}"
EndProject
Project("{9A19103F-16F7-4668-BE54-9A1E7A4F7556}") = "lexicon (1)", "exercises\Week\1\DOTNET\Exercise03\lexicon.csproj", "{C14EA72D-3D62-488D-AC85-948E243163E1}"
EndProject
Project("{9A19103F-16F7-4668-BE54-9A1E7A4F7556}") = "lexicon (2)", "exercises\Week\1\DOTNET\Exercise04\lexicon.csproj", "{9612F65E-A16D-48C3-A01E-747A6D62D851}"
EndProject
Project("{9A19103F-16F7-4668-BE54-9A1E7A4F7556}") = "lexicon (3)", "exercises\Week\1\DOTNET\Exercise05\lexicon.csproj", "{7FF26C91-1818-4D10-9163-591693C21D3E}"
EndProject
Project("{9A19103F-16F7-4668-BE54-9A1E7A4F7556}") = "lexicon (4)", "exercises\Week\1\DOTNET\Exercise07\lexicon.csproj", "{C4695E57-B071-4702-A055-77D0CFA76519}"
EndProject
Project("{9A19103F-16F7-4668-BE54-9A1E7A4F7556}") = "Exercise02", "exercises\Week\1\DOTNET\Exersise02\Exercise02.csproj", "{CD0D82E1-2BC1-4052-9C45-56FA4BF39BB7}"
EndProject
Project("{2150E333-8FDC-42A3-9474-1A3956D46DE8}") = "2", "2", "{86709A24-0CFA-4E92-9DD3-6C6586F62DD4}"
EndProject
Project("{2150E333-8FDC-42A3-9474-1A3956D46DE8}") = "JS", "JS", "{BFB6A7F0-103F-4CF1-A4FE-0A4E989AE545}"
EndProject
Project("{2150E333-8FDC-42A3-9474-1A3956D46DE8}") = "OOP", "OOP", "{64A9A929-FE56-45B6-8A47-2256450438A2}"
EndProject
Project("{9A19103F-16F7-4668-BE54-9A1E7A4F7556}") = "lexicon", "exercises\Week\2\JS\OOP\person\lexicon.csproj", "{627C773D-0A6C-463F-ADE0-C65E28AD1D22}"
EndProject
Global
	GlobalSection(SolutionConfigurationPlatforms) = preSolution
		Debug|Any CPU = Debug|Any CPU
		Release|Any CPU = Release|Any CPU
	EndGlobalSection
	GlobalSection(ProjectConfigurationPlatforms) = postSolution
		{9FD8E860-617D-4300-93B1-39A073B6A981}.Debug|Any CPU.ActiveCfg = Debug|Any CPU
		{9FD8E860-617D-4300-93B1-39A073B6A981}.Debug|Any CPU.Build.0 = Debug|Any CPU
		{9FD8E860-617D-4300-93B1-39A073B6A981}.Release|Any CPU.ActiveCfg = Release|Any CPU
		{9FD8E860-617D-4300-93B1-39A073B6A981}.Release|Any CPU.Build.0 = Release|Any CPU
		{3997FE66-72CB-433E-9703-2781EDFD5102}.Debug|Any CPU.ActiveCfg = Debug|Any CPU
		{3997FE66-72CB-433E-9703-2781EDFD5102}.Debug|Any CPU.Build.0 = Debug|Any CPU
		{3997FE66-72CB-433E-9703-2781EDFD5102}.Release|Any CPU.ActiveCfg = Release|Any CPU
		{3997FE66-72CB-433E-9703-2781EDFD5102}.Release|Any CPU.Build.0 = Release|Any CPU
		{C14EA72D-3D62-488D-AC85-948E243163E1}.Debug|Any CPU.ActiveCfg = Debug|Any CPU
		{C14EA72D-3D62-488D-AC85-948E243163E1}.Debug|Any CPU.Build.0 = Debug|Any CPU
		{C14EA72D-3D62-488D-AC85-948E243163E1}.Release|Any CPU.ActiveCfg = Release|Any CPU
		{C14EA72D-3D62-488D-AC85-948E243163E1}.Release|Any CPU.Build.0 = Release|Any CPU
		{9612F65E-A16D-48C3-A01E-747A6D62D851}.Debug|Any CPU.ActiveCfg = Debug|Any CPU
		{9612F65E-A16D-48C3-A01E-747A6D62D851}.Debug|Any CPU.Build.0 = Debug|Any CPU
		{9612F65E-A16D-48C3-A01E-747A6D62D851}.Release|Any CPU.ActiveCfg = Release|Any CPU
		{9612F65E-A16D-48C3-A01E-747A6D62D851}.Release|Any CPU.Build.0 = Release|Any CPU
		{7FF26C91-1818-4D10-9163-591693C21D3E}.Debug|Any CPU.ActiveCfg = Debug|Any CPU
		{7FF26C91-1818-4D10-9163-591693C21D3E}.Debug|Any CPU.Build.0 = Debug|Any CPU
		{7FF26C91-1818-4D10-9163-591693C21D3E}.Release|Any CPU.ActiveCfg = Release|Any CPU
		{7FF26C91-1818-4D10-9163-591693C21D3E}.Release|Any CPU.Build.0 = Release|Any CPU
		{C4695E57-B071-4702-A055-77D0CFA76519}.Debug|Any CPU.ActiveCfg = Debug|Any CPU
		{C4695E57-B071-4702-A055-77D0CFA76519}.Debug|Any CPU.Build.0 = Debug|Any CPU
		{C4695E57-B071-4702-A055-77D0CFA76519}.Release|Any CPU.ActiveCfg = Release|Any CPU
		{C4695E57-B071-4702-A055-77D0CFA76519}.Release|Any CPU.Build.0 = Release|Any CPU
		{CD0D82E1-2BC1-4052-9C45-56FA4BF39BB7}.Debug|Any CPU.ActiveCfg = Debug|Any CPU
		{CD0D82E1-2BC1-4052-9C45-56FA4BF39BB7}.Debug|Any CPU.Build.0 = Debug|Any CPU
		{CD0D82E1-2BC1-4052-9C45-56FA4BF39BB7}.Release|Any CPU.ActiveCfg = Release|Any CPU
		{CD0D82E1-2BC1-4052-9C45-56FA4BF39BB7}.Release|Any CPU.Build.0 = Release|Any CPU
		{627C773D-0A6C-463F-ADE0-C65E28AD1D22}.Debug|Any CPU.ActiveCfg = Debug|Any CPU
		{627C773D-0A6C-463F-ADE0-C65E28AD1D22}.Debug|Any CPU.Build.0 = Debug|Any CPU
		{627C773D-0A6C-463F-ADE0-C65E28AD1D22}.Release|Any CPU.ActiveCfg = Release|Any CPU
		{627C773D-0A6C-463F-ADE0-C65E28AD1D22}.Release|Any CPU.Build.0 = Release|Any CPU
	EndGlobalSection
	GlobalSection(SolutionProperties) = preSolution
		HideSolutionNode = FALSE
	EndGlobalSection
	GlobalSection(NestedProjects) = preSolution
		{403C3D19-B01F-4C0D-824E-65CABCFA28F2} = {82AD212D-ACC3-4839-ADC7-EF245436659A}
		{651EEE7F-4AC8-4B40-86D0-EDD13158F84D} = {403C3D19-B01F-4C0D-824E-65CABCFA28F2}
		{9FD8E860-617D-4300-93B1-39A073B6A981} = {651EEE7F-4AC8-4B40-86D0-EDD13158F84D}
		{91FB2C7F-F316-412E-9894-4A45B5188CF4} = {651EEE7F-4AC8-4B40-86D0-EDD13158F84D}
		{3997FE66-72CB-433E-9703-2781EDFD5102} = {91FB2C7F-F316-412E-9894-4A45B5188CF4}
		{C14EA72D-3D62-488D-AC85-948E243163E1} = {91FB2C7F-F316-412E-9894-4A45B5188CF4}
		{9612F65E-A16D-48C3-A01E-747A6D62D851} = {91FB2C7F-F316-412E-9894-4A45B5188CF4}
		{7FF26C91-1818-4D10-9163-591693C21D3E} = {91FB2C7F-F316-412E-9894-4A45B5188CF4}
		{C4695E57-B071-4702-A055-77D0CFA76519} = {91FB2C7F-F316-412E-9894-4A45B5188CF4}
		{CD0D82E1-2BC1-4052-9C45-56FA4BF39BB7} = {91FB2C7F-F316-412E-9894-4A45B5188CF4}
		{86709A24-0CFA-4E92-9DD3-6C6586F62DD4} = {403C3D19-B01F-4C0D-824E-65CABCFA28F2}
		{BFB6A7F0-103F-4CF1-A4FE-0A4E989AE545} = {86709A24-0CFA-4E92-9DD3-6C6586F62DD4}
		{64A9A929-FE56-45B6-8A47-2256450438A2} = {BFB6A7F0-103F-4CF1-A4FE-0A4E989AE545}
		{627C773D-0A6C-463F-ADE0-C65E28AD1D22} = {64A9A929-FE56-45B6-8A47-2256450438A2}
	EndGlobalSection
	GlobalSection(ExtensibilityGlobals) = postSolution
		SolutionGuid = {FE7F863C-7BAF-4B91-9AAC-747431FB8C5B}
	EndGlobalSection
EndGlobal
